
Microsoft Visual Studio Solution File, Format Version 12.00
# Visual Studio Version 16
VisualStudioVersion = 16.0.29613.14
MinimumVisualStudioVersion = 10.0.40219.1
Project("{FAE04EC0-301F-11D3-BF4B-00C04F79EFBC}") = "Pizza", "Pizza\Pizza.csproj", "{0F5B064C-0807-400A-9859-3F062DFC9FEA}"
EndProject
Global
	GlobalSection(SolutionConfigurationPlatforms) = preSolution
		Debug|Any CPU = Debug|Any CPU
		Release|Any CPU = Release|Any CPU
	EndGlobalSection
	GlobalSection(ProjectConfigurationPlatforms) = postSolution
		{0F5B064C-0807-400A-9859-3F062DFC9FEA}.Debug|Any CPU.ActiveCfg = Debug|Any CPU
		{0F5B064C-0807-400A-9859-3F062DFC9FEA}.Debug|Any CPU.Build.0 = Debug|Any CPU
		{0F5B064C-0807-400A-9859-3F062DFC9FEA}.Release|Any CPU.ActiveCfg = Release|Any CPU
		{0F5B064C-0807-400A-9859-3F062DFC9FEA}.Release|Any CPU.Build.0 = Release|Any CPU
	EndGlobalSection
	GlobalSection(SolutionProperties) = preSolution
		HideSolutionNode = FALSE
	EndGlobalSection
	GlobalSection(ExtensibilityGlobals) = postSolution
		SolutionGuid = {2B016E77-E5C1-4E21-B416-2A962B3D8D0C}
	EndGlobalSection
EndGlobal
